
Microsoft Visual Studio Solution File, Format Version 12.00
# Visual Studio Version 17
VisualStudioVersion = 17.7.34221.43
MinimumVisualStudioVersion = 10.0.40219.1
Project("{FAE04EC0-301F-11D3-BF4B-00C04F79EFBC}") = "dom13(2)", "dom13(2)\dom13(2).csproj", "{96FDFC87-B6F7-48ED-81DC-257E9AACB533}"
EndProject
Global
	GlobalSection(SolutionConfigurationPlatforms) = preSolution
		Debug|Any CPU = Debug|Any CPU
		Release|Any CPU = Release|Any CPU
	EndGlobalSection
	GlobalSection(ProjectConfigurationPlatforms) = postSolution
		{96FDFC87-B6F7-48ED-81DC-257E9AACB533}.Debug|Any CPU.ActiveCfg = Debug|Any CPU
		{96FDFC87-B6F7-48ED-81DC-257E9AACB533}.Debug|Any CPU.Build.0 = Debug|Any CPU
		{96FDFC87-B6F7-48ED-81DC-257E9AACB533}.Release|Any CPU.ActiveCfg = Release|Any CPU
		{96FDFC87-B6F7-48ED-81DC-257E9AACB533}.Release|Any CPU.Build.0 = Release|Any CPU
	EndGlobalSection
	GlobalSection(SolutionProperties) = preSolution
		HideSolutionNode = FALSE
	EndGlobalSection
	GlobalSection(ExtensibilityGlobals) = postSolution
		SolutionGuid = {5A778A35-F220-4428-AA73-16A1B2744957}
	EndGlobalSection
EndGlobal
